
Microsoft Visual Studio Solution File, Format Version 12.00
# Visual Studio Version 16
VisualStudioVersion = 16.0.31911.196
MinimumVisualStudioVersion = 10.0.40219.1
Project("{FAE04EC0-301F-11D3-BF4B-00C04F79EFBC}") = "constructortry", "constructortry\constructortry.csproj", "{C8F97435-D695-4E1B-AA18-2A9B90F3B01C}"
EndProject
Global
	GlobalSection(SolutionConfigurationPlatforms) = preSolution
		Debug|Any CPU = Debug|Any CPU
		Release|Any CPU = Release|Any CPU
	EndGlobalSection
	GlobalSection(ProjectConfigurationPlatforms) = postSolution
		{C8F97435-D695-4E1B-AA18-2A9B90F3B01C}.Debug|Any CPU.ActiveCfg = Debug|Any CPU
		{C8F97435-D695-4E1B-AA18-2A9B90F3B01C}.Debug|Any CPU.Build.0 = Debug|Any CPU
		{C8F97435-D695-4E1B-AA18-2A9B90F3B01C}.Release|Any CPU.ActiveCfg = Release|Any CPU
		{C8F97435-D695-4E1B-AA18-2A9B90F3B01C}.Release|Any CPU.Build.0 = Release|Any CPU
	EndGlobalSection
	GlobalSection(SolutionProperties) = preSolution
		HideSolutionNode = FALSE
	EndGlobalSection
	GlobalSection(ExtensibilityGlobals) = postSolution
		SolutionGuid = {C1D04E72-1996-49BC-8B82-9DA50045AF48}
	EndGlobalSection
EndGlobal
