
Microsoft Visual Studio Solution File, Format Version 12.00
# Visual Studio Version 16
VisualStudioVersion = 16.0.31911.196
MinimumVisualStudioVersion = 10.0.40219.1
Project("{FAE04EC0-301F-11D3-BF4B-00C04F79EFBC}") = "constructor", "constructor\constructor.csproj", "{497D5101-8AAE-4BC4-BA05-FCF8DEA2B8B1}"
EndProject
Global
	GlobalSection(SolutionConfigurationPlatforms) = preSolution
		Debug|Any CPU = Debug|Any CPU
		Release|Any CPU = Release|Any CPU
	EndGlobalSection
	GlobalSection(ProjectConfigurationPlatforms) = postSolution
		{497D5101-8AAE-4BC4-BA05-FCF8DEA2B8B1}.Debug|Any CPU.ActiveCfg = Debug|Any CPU
		{497D5101-8AAE-4BC4-BA05-FCF8DEA2B8B1}.Debug|Any CPU.Build.0 = Debug|Any CPU
		{497D5101-8AAE-4BC4-BA05-FCF8DEA2B8B1}.Release|Any CPU.ActiveCfg = Release|Any CPU
		{497D5101-8AAE-4BC4-BA05-FCF8DEA2B8B1}.Release|Any CPU.Build.0 = Release|Any CPU
	EndGlobalSection
	GlobalSection(SolutionProperties) = preSolution
		HideSolutionNode = FALSE
	EndGlobalSection
	GlobalSection(ExtensibilityGlobals) = postSolution
		SolutionGuid = {85A26726-E991-4881-B9A8-B1F36F2BA6E1}
	EndGlobalSection
EndGlobal
